
Microsoft Visual Studio Solution File, Format Version 12.00
# Visual Studio Version 17
VisualStudioVersion = 17.11.35327.3
MinimumVisualStudioVersion = 10.0.40219.1
Project("{FAE04EC0-301F-11D3-BF4B-00C04F79EFBC}") = "vistas", "vistas.csproj", "{E7109953-BD70-4251-B60A-66EC508AE3D7}"
EndProject
Project("{FAE04EC0-301F-11D3-BF4B-00C04F79EFBC}") = "Modelos", "..\Modelos\Modelos.csproj", "{009AC883-1E1E-4B64-A9CB-FFDBB61E45C0}"
EndProject
Global
	GlobalSection(SolutionConfigurationPlatforms) = preSolution
		Debug|Any CPU = Debug|Any CPU
		Release|Any CPU = Release|Any CPU
	EndGlobalSection
	GlobalSection(ProjectConfigurationPlatforms) = postSolution
		{E7109953-BD70-4251-B60A-66EC508AE3D7}.Debug|Any CPU.ActiveCfg = Debug|Any CPU
		{E7109953-BD70-4251-B60A-66EC508AE3D7}.Debug|Any CPU.Build.0 = Debug|Any CPU
		{E7109953-BD70-4251-B60A-66EC508AE3D7}.Release|Any CPU.ActiveCfg = Release|Any CPU
		{E7109953-BD70-4251-B60A-66EC508AE3D7}.Release|Any CPU.Build.0 = Release|Any CPU
		{009AC883-1E1E-4B64-A9CB-FFDBB61E45C0}.Debug|Any CPU.ActiveCfg = Debug|Any CPU
		{009AC883-1E1E-4B64-A9CB-FFDBB61E45C0}.Debug|Any CPU.Build.0 = Debug|Any CPU
		{009AC883-1E1E-4B64-A9CB-FFDBB61E45C0}.Release|Any CPU.ActiveCfg = Release|Any CPU
		{009AC883-1E1E-4B64-A9CB-FFDBB61E45C0}.Release|Any CPU.Build.0 = Release|Any CPU
	EndGlobalSection
	GlobalSection(SolutionProperties) = preSolution
		HideSolutionNode = FALSE
	EndGlobalSection
	GlobalSection(ExtensibilityGlobals) = postSolution
		SolutionGuid = {A329A7DC-01B3-456E-AF38-571265DAB10A}
	EndGlobalSection
EndGlobal
